
Microsoft Visual Studio Solution File, Format Version 12.00
# Visual Studio Version 17
VisualStudioVersion = 17.14.36414.22
MinimumVisualStudioVersion = 10.0.40219.1
Project("{FAE04EC0-301F-11D3-BF4B-00C04F79EFBC}") = "UI.NumerosAleatorios", "UI.NumerosAleatorios\UI.NumerosAleatorios.csproj", "{18117871-4A0B-4288-B508-87882D3ECA5A}"
EndProject
Project("{FAE04EC0-301F-11D3-BF4B-00C04F79EFBC}") = "FuncionesLambda", "FuncionesLambda\FuncionesLambda.csproj", "{E5AB3D16-CF9E-4394-A117-DB0A10BC1663}"
EndProject
Project("{FAE04EC0-301F-11D3-BF4B-00C04F79EFBC}") = "ComplejidadAlgoritmos", "ComplejidadAlgoritmos\ComplejidadAlgoritmos.csproj", "{B8410F84-61A3-49DE-88E8-EE096C71A426}"
EndProject
Project("{FAE04EC0-301F-11D3-BF4B-00C04F79EFBC}") = "Tarea_02", "Tarea_02\Tarea_02.csproj", "{D37EBCB4-80C3-4A66-9182-D0FA9568666E}"
EndProject
Project("{FAE04EC0-301F-11D3-BF4B-00C04F79EFBC}") = "Recursividad.Consola", "Recursividad.Consola\Recursividad.Consola.csproj", "{D4B6F987-AE15-4201-AC74-C02978CE8271}"
EndProject
Project("{FAE04EC0-301F-11D3-BF4B-00C04F79EFBC}") = "Recursividad.Logica", "Recursividad.Logica\Recursividad.Logica.csproj", "{0E377E78-FEFA-43D3-8706-619B314D1145}"
EndProject
Project("{FAE04EC0-301F-11D3-BF4B-00C04F79EFBC}") = "Recursividad_ Tarea01", "Recursividad_ Tarea01\Recursividad_ Tarea01.csproj", "{44A6EA94-1C71-4F40-8542-1397EA09913D}"
EndProject
Global
	GlobalSection(SolutionConfigurationPlatforms) = preSolution
		Debug|Any CPU = Debug|Any CPU
		Release|Any CPU = Release|Any CPU
	EndGlobalSection
	GlobalSection(ProjectConfigurationPlatforms) = postSolution
		{18117871-4A0B-4288-B508-87882D3ECA5A}.Debug|Any CPU.ActiveCfg = Debug|Any CPU
		{18117871-4A0B-4288-B508-87882D3ECA5A}.Debug|Any CPU.Build.0 = Debug|Any CPU
		{18117871-4A0B-4288-B508-87882D3ECA5A}.Release|Any CPU.ActiveCfg = Release|Any CPU
		{18117871-4A0B-4288-B508-87882D3ECA5A}.Release|Any CPU.Build.0 = Release|Any CPU
		{E5AB3D16-CF9E-4394-A117-DB0A10BC1663}.Debug|Any CPU.ActiveCfg = Debug|Any CPU
		{E5AB3D16-CF9E-4394-A117-DB0A10BC1663}.Debug|Any CPU.Build.0 = Debug|Any CPU
		{E5AB3D16-CF9E-4394-A117-DB0A10BC1663}.Release|Any CPU.ActiveCfg = Release|Any CPU
		{E5AB3D16-CF9E-4394-A117-DB0A10BC1663}.Release|Any CPU.Build.0 = Release|Any CPU
		{B8410F84-61A3-49DE-88E8-EE096C71A426}.Debug|Any CPU.ActiveCfg = Debug|Any CPU
		{B8410F84-61A3-49DE-88E8-EE096C71A426}.Debug|Any CPU.Build.0 = Debug|Any CPU
		{B8410F84-61A3-49DE-88E8-EE096C71A426}.Release|Any CPU.ActiveCfg = Release|Any CPU
		{B8410F84-61A3-49DE-88E8-EE096C71A426}.Release|Any CPU.Build.0 = Release|Any CPU
		{D37EBCB4-80C3-4A66-9182-D0FA9568666E}.Debug|Any CPU.ActiveCfg = Debug|Any CPU
		{D37EBCB4-80C3-4A66-9182-D0FA9568666E}.Debug|Any CPU.Build.0 = Debug|Any CPU
		{D37EBCB4-80C3-4A66-9182-D0FA9568666E}.Release|Any CPU.ActiveCfg = Release|Any CPU
		{D37EBCB4-80C3-4A66-9182-D0FA9568666E}.Release|Any CPU.Build.0 = Release|Any CPU
		{D4B6F987-AE15-4201-AC74-C02978CE8271}.Debug|Any CPU.ActiveCfg = Debug|Any CPU
		{D4B6F987-AE15-4201-AC74-C02978CE8271}.Debug|Any CPU.Build.0 = Debug|Any CPU
		{D4B6F987-AE15-4201-AC74-C02978CE8271}.Release|Any CPU.ActiveCfg = Release|Any CPU
		{D4B6F987-AE15-4201-AC74-C02978CE8271}.Release|Any CPU.Build.0 = Release|Any CPU
		{0E377E78-FEFA-43D3-8706-619B314D1145}.Debug|Any CPU.ActiveCfg = Debug|Any CPU
		{0E377E78-FEFA-43D3-8706-619B314D1145}.Debug|Any CPU.Build.0 = Debug|Any CPU
		{0E377E78-FEFA-43D3-8706-619B314D1145}.Release|Any CPU.ActiveCfg = Release|Any CPU
		{0E377E78-FEFA-43D3-8706-619B314D1145}.Release|Any CPU.Build.0 = Release|Any CPU
		{44A6EA94-1C71-4F40-8542-1397EA09913D}.Debug|Any CPU.ActiveCfg = Debug|Any CPU
		{44A6EA94-1C71-4F40-8542-1397EA09913D}.Debug|Any CPU.Build.0 = Debug|Any CPU
		{44A6EA94-1C71-4F40-8542-1397EA09913D}.Release|Any CPU.ActiveCfg = Release|Any CPU
		{44A6EA94-1C71-4F40-8542-1397EA09913D}.Release|Any CPU.Build.0 = Release|Any CPU
	EndGlobalSection
	GlobalSection(SolutionProperties) = preSolution
		HideSolutionNode = FALSE
	EndGlobalSection
	GlobalSection(ExtensibilityGlobals) = postSolution
		SolutionGuid = {B4B5E5B9-99E0-40D1-8434-531BD38F74FC}
	EndGlobalSection
EndGlobal
